
Microsoft Visual Studio Solution File, Format Version 12.00
# Visual Studio Version 17
VisualStudioVersion = 17.14.36327.8 d17.14
MinimumVisualStudioVersion = 10.0.40219.1
Project("{E24C65DC-7377-472B-9ABA-BC803B73C61A}") = "HelloCloudAspx", "HelloCloudAspx\", "{E8982455-48F2-3669-74FE-4C9CEA0A48FD}"
	ProjectSection(WebsiteProperties) = preProject
		TargetFrameworkMoniker = ".NETFramework,Version%3Dv4.8.1"
		Debug.AspNetCompiler.VirtualPath = "/localhost_58918"
		Debug.AspNetCompiler.PhysicalPath = "HelloCloudAspx\"
		Debug.AspNetCompiler.TargetPath = "PrecompiledWeb\localhost_58918\"
		Debug.AspNetCompiler.Updateable = "true"
		Debug.AspNetCompiler.ForceOverwrite = "true"
		Debug.AspNetCompiler.FixedNames = "false"
		Debug.AspNetCompiler.Debug = "True"
		Release.AspNetCompiler.VirtualPath = "/localhost_58918"
		Release.AspNetCompiler.PhysicalPath = "HelloCloudAspx\"
		Release.AspNetCompiler.TargetPath = "PrecompiledWeb\localhost_58918\"
		Release.AspNetCompiler.Updateable = "true"
		Release.AspNetCompiler.ForceOverwrite = "true"
		Release.AspNetCompiler.FixedNames = "false"
		Release.AspNetCompiler.Debug = "False"
		VWDPort = "58918"
		SlnRelativePath = "HelloCloudAspx\"
		DefaultWebSiteLanguage = "Visual C#"
	EndProjectSection
EndProject
Global
	GlobalSection(SolutionConfigurationPlatforms) = preSolution
		Debug|Any CPU = Debug|Any CPU
	EndGlobalSection
	GlobalSection(ProjectConfigurationPlatforms) = postSolution
		{E8982455-48F2-3669-74FE-4C9CEA0A48FD}.Debug|Any CPU.ActiveCfg = Debug|Any CPU
		{E8982455-48F2-3669-74FE-4C9CEA0A48FD}.Debug|Any CPU.Build.0 = Debug|Any CPU
	EndGlobalSection
	GlobalSection(SolutionProperties) = preSolution
		HideSolutionNode = FALSE
	EndGlobalSection
	GlobalSection(ExtensibilityGlobals) = postSolution
		SolutionGuid = {B397E317-16D4-4C43-9756-A8B498BAAC10}
	EndGlobalSection
EndGlobal
